
Microsoft Visual Studio Solution File, Format Version 12.00
# Visual Studio 14
VisualStudioVersion = 14.0.25420.1
MinimumVisualStudioVersion = 10.0.40219.1
Project("{FAE04EC0-301F-11D3-BF4B-00C04F79EFBC}") = "Bai3-Client", "Bai3-Client\Bai3-Client.csproj", "{DC7C454E-C41E-4F58-A34A-7B5368CE5DEC}"
EndProject
Project("{FAE04EC0-301F-11D3-BF4B-00C04F79EFBC}") = "Bai3-Server", "Bai3-Server\Bai3-Server.csproj", "{8B62DAFE-A406-4E9D-ACC4-3996AB1F35E7}"
EndProject
Project("{FAE04EC0-301F-11D3-BF4B-00C04F79EFBC}") = "Bai2-Check", "Bai2-Check\Bai2-Check.csproj", "{52B1208F-DE4B-4F56-ABD5-AC0641C88F0A}"
EndProject
Project("{FAE04EC0-301F-11D3-BF4B-00C04F79EFBC}") = "Bai2-Test", "Bai2-Test\Bai2-Test.csproj", "{5C8B6D82-CF66-4FB0-A7CA-BAF3A5796FCB}"
EndProject
Project("{FAE04EC0-301F-11D3-BF4B-00C04F79EFBC}") = "Bai4-ShutdownClient", "Bai4-ShutdownClient\Bai4-ShutdownClient.csproj", "{89C91227-07E1-4F76-A0C4-962988087F99}"
EndProject
Project("{FAE04EC0-301F-11D3-BF4B-00C04F79EFBC}") = "Bai4-ShutdownServer", "Bai4-ShutdownServer\Bai4-ShutdownServer.csproj", "{9B587832-9912-49DA-9CF3-B67EBF390AF3}"
EndProject
Global
	GlobalSection(SolutionConfigurationPlatforms) = preSolution
		Debug|Any CPU = Debug|Any CPU
		Release|Any CPU = Release|Any CPU
	EndGlobalSection
	GlobalSection(ProjectConfigurationPlatforms) = postSolution
		{DC7C454E-C41E-4F58-A34A-7B5368CE5DEC}.Debug|Any CPU.ActiveCfg = Debug|Any CPU
		{DC7C454E-C41E-4F58-A34A-7B5368CE5DEC}.Debug|Any CPU.Build.0 = Debug|Any CPU
		{DC7C454E-C41E-4F58-A34A-7B5368CE5DEC}.Release|Any CPU.ActiveCfg = Release|Any CPU
		{DC7C454E-C41E-4F58-A34A-7B5368CE5DEC}.Release|Any CPU.Build.0 = Release|Any CPU
		{8B62DAFE-A406-4E9D-ACC4-3996AB1F35E7}.Debug|Any CPU.ActiveCfg = Debug|Any CPU
		{8B62DAFE-A406-4E9D-ACC4-3996AB1F35E7}.Debug|Any CPU.Build.0 = Debug|Any CPU
		{8B62DAFE-A406-4E9D-ACC4-3996AB1F35E7}.Release|Any CPU.ActiveCfg = Release|Any CPU
		{8B62DAFE-A406-4E9D-ACC4-3996AB1F35E7}.Release|Any CPU.Build.0 = Release|Any CPU
		{52B1208F-DE4B-4F56-ABD5-AC0641C88F0A}.Debug|Any CPU.ActiveCfg = Debug|Any CPU
		{52B1208F-DE4B-4F56-ABD5-AC0641C88F0A}.Debug|Any CPU.Build.0 = Debug|Any CPU
		{52B1208F-DE4B-4F56-ABD5-AC0641C88F0A}.Release|Any CPU.ActiveCfg = Release|Any CPU
		{52B1208F-DE4B-4F56-ABD5-AC0641C88F0A}.Release|Any CPU.Build.0 = Release|Any CPU
		{5C8B6D82-CF66-4FB0-A7CA-BAF3A5796FCB}.Debug|Any CPU.ActiveCfg = Debug|Any CPU
		{5C8B6D82-CF66-4FB0-A7CA-BAF3A5796FCB}.Debug|Any CPU.Build.0 = Debug|Any CPU
		{5C8B6D82-CF66-4FB0-A7CA-BAF3A5796FCB}.Release|Any CPU.ActiveCfg = Release|Any CPU
		{5C8B6D82-CF66-4FB0-A7CA-BAF3A5796FCB}.Release|Any CPU.Build.0 = Release|Any CPU
		{89C91227-07E1-4F76-A0C4-962988087F99}.Debug|Any CPU.ActiveCfg = Debug|Any CPU
		{89C91227-07E1-4F76-A0C4-962988087F99}.Debug|Any CPU.Build.0 = Debug|Any CPU
		{89C91227-07E1-4F76-A0C4-962988087F99}.Release|Any CPU.ActiveCfg = Release|Any CPU
		{89C91227-07E1-4F76-A0C4-962988087F99}.Release|Any CPU.Build.0 = Release|Any CPU
		{9B587832-9912-49DA-9CF3-B67EBF390AF3}.Debug|Any CPU.ActiveCfg = Debug|Any CPU
		{9B587832-9912-49DA-9CF3-B67EBF390AF3}.Debug|Any CPU.Build.0 = Debug|Any CPU
		{9B587832-9912-49DA-9CF3-B67EBF390AF3}.Release|Any CPU.ActiveCfg = Release|Any CPU
		{9B587832-9912-49DA-9CF3-B67EBF390AF3}.Release|Any CPU.Build.0 = Release|Any CPU
	EndGlobalSection
	GlobalSection(SolutionProperties) = preSolution
		HideSolutionNode = FALSE
	EndGlobalSection
EndGlobal
